
Microsoft Visual Studio Solution File, Format Version 12.00
# Visual Studio Version 16
VisualStudioVersion = 16.0.31624.102
MinimumVisualStudioVersion = 10.0.40219.1
Project("{FAE04EC0-301F-11D3-BF4B-00C04F79EFBC}") = "cartAPI", "cartAPI\cartAPI.csproj", "{720F69AA-1A85-4577-A299-24BE37727782}"
EndProject
Global
	GlobalSection(SolutionConfigurationPlatforms) = preSolution
		Debug|Any CPU = Debug|Any CPU
		Release|Any CPU = Release|Any CPU
	EndGlobalSection
	GlobalSection(ProjectConfigurationPlatforms) = postSolution
		{720F69AA-1A85-4577-A299-24BE37727782}.Debug|Any CPU.ActiveCfg = Debug|Any CPU
		{720F69AA-1A85-4577-A299-24BE37727782}.Debug|Any CPU.Build.0 = Debug|Any CPU
		{720F69AA-1A85-4577-A299-24BE37727782}.Release|Any CPU.ActiveCfg = Release|Any CPU
		{720F69AA-1A85-4577-A299-24BE37727782}.Release|Any CPU.Build.0 = Release|Any CPU
	EndGlobalSection
	GlobalSection(SolutionProperties) = preSolution
		HideSolutionNode = FALSE
	EndGlobalSection
	GlobalSection(ExtensibilityGlobals) = postSolution
		SolutionGuid = {0C760BF2-15F9-4594-B445-A810B27DDE21}
	EndGlobalSection
EndGlobal
